
Microsoft Visual Studio Solution File, Format Version 12.00
# Visual Studio 15
VisualStudioVersion = 15.0.27703.2035
MinimumVisualStudioVersion = 10.0.40219.1
Project("{00D1A9C2-B5F0-4AF3-8072-F6C62B433612}") = "Ods", "Database\Ods\Ods.sqlproj", "{53011CC6-5A28-4CAE-9A21-9D2795740E91}"
EndProject
Project("{00D1A9C2-B5F0-4AF3-8072-F6C62B433612}") = "OdsStaging", "Database\OdsStaging\OdsStaging.sqlproj", "{3A99E5E3-05D9-4BBD-AEF2-F4A4E209894C}"
EndProject
Project("{159641D6-6404-4A2A-AE62-294DE0FE8301}") = "SF", "SF\SF.dtproj", "{A5665482-C1CA-4E19-AF09-67FAC29C8252}"
EndProject
Project("{159641D6-6404-4A2A-AE62-294DE0FE8301}") = "DataIntegrity", "DataIntegrity\DataIntegrity\DataIntegrity.dtproj", "{A5B78AED-FCEC-488C-9B5D-9C8DDBFC03D9}"
EndProject
Project("{159641D6-6404-4A2A-AE62-294DE0FE8301}") = "SL", "SL\SL.dtproj", "{93111E2D-87E2-4BE0-8204-BB969FDB0269}"
EndProject
Project("{159641D6-6404-4A2A-AE62-294DE0FE8301}") = "Cubes", "Cubes\Cubes.dtproj", "{3283B1C3-BB01-49EF-9D37-AD1AE7C513B6}"
EndProject
Project("{159641D6-6404-4A2A-AE62-294DE0FE8301}") = "Paylocity", "WebTime\Paylocity.dtproj", "{AE1BE18E-27E6-4581-812D-1CDD22040E17}"
EndProject
Global
	GlobalSection(SolutionConfigurationPlatforms) = preSolution
		Debug|Any CPU = Debug|Any CPU
		Development|Any CPU = Development|Any CPU
		Release|Any CPU = Release|Any CPU
	EndGlobalSection
	GlobalSection(ProjectConfigurationPlatforms) = postSolution
		{53011CC6-5A28-4CAE-9A21-9D2795740E91}.Debug|Any CPU.ActiveCfg = Debug|Any CPU
		{53011CC6-5A28-4CAE-9A21-9D2795740E91}.Debug|Any CPU.Build.0 = Debug|Any CPU
		{53011CC6-5A28-4CAE-9A21-9D2795740E91}.Debug|Any CPU.Deploy.0 = Debug|Any CPU
		{53011CC6-5A28-4CAE-9A21-9D2795740E91}.Development|Any CPU.ActiveCfg = Debug|Any CPU
		{53011CC6-5A28-4CAE-9A21-9D2795740E91}.Development|Any CPU.Build.0 = Debug|Any CPU
		{53011CC6-5A28-4CAE-9A21-9D2795740E91}.Development|Any CPU.Deploy.0 = Debug|Any CPU
		{53011CC6-5A28-4CAE-9A21-9D2795740E91}.Release|Any CPU.ActiveCfg = Release|Any CPU
		{53011CC6-5A28-4CAE-9A21-9D2795740E91}.Release|Any CPU.Build.0 = Release|Any CPU
		{53011CC6-5A28-4CAE-9A21-9D2795740E91}.Release|Any CPU.Deploy.0 = Release|Any CPU
		{3A99E5E3-05D9-4BBD-AEF2-F4A4E209894C}.Debug|Any CPU.ActiveCfg = Debug|Any CPU
		{3A99E5E3-05D9-4BBD-AEF2-F4A4E209894C}.Debug|Any CPU.Build.0 = Debug|Any CPU
		{3A99E5E3-05D9-4BBD-AEF2-F4A4E209894C}.Debug|Any CPU.Deploy.0 = Debug|Any CPU
		{3A99E5E3-05D9-4BBD-AEF2-F4A4E209894C}.Development|Any CPU.ActiveCfg = Debug|Any CPU
		{3A99E5E3-05D9-4BBD-AEF2-F4A4E209894C}.Development|Any CPU.Build.0 = Debug|Any CPU
		{3A99E5E3-05D9-4BBD-AEF2-F4A4E209894C}.Development|Any CPU.Deploy.0 = Debug|Any CPU
		{3A99E5E3-05D9-4BBD-AEF2-F4A4E209894C}.Release|Any CPU.ActiveCfg = Release|Any CPU
		{3A99E5E3-05D9-4BBD-AEF2-F4A4E209894C}.Release|Any CPU.Build.0 = Release|Any CPU
		{3A99E5E3-05D9-4BBD-AEF2-F4A4E209894C}.Release|Any CPU.Deploy.0 = Release|Any CPU
		{A5665482-C1CA-4E19-AF09-67FAC29C8252}.Debug|Any CPU.ActiveCfg = Development
		{A5665482-C1CA-4E19-AF09-67FAC29C8252}.Debug|Any CPU.Build.0 = Development
		{A5665482-C1CA-4E19-AF09-67FAC29C8252}.Development|Any CPU.ActiveCfg = Development
		{A5665482-C1CA-4E19-AF09-67FAC29C8252}.Development|Any CPU.Build.0 = Development
		{A5665482-C1CA-4E19-AF09-67FAC29C8252}.Release|Any CPU.ActiveCfg = Development
		{A5665482-C1CA-4E19-AF09-67FAC29C8252}.Release|Any CPU.Build.0 = Development
		{A5B78AED-FCEC-488C-9B5D-9C8DDBFC03D9}.Debug|Any CPU.ActiveCfg = Development
		{A5B78AED-FCEC-488C-9B5D-9C8DDBFC03D9}.Debug|Any CPU.Build.0 = Development
		{A5B78AED-FCEC-488C-9B5D-9C8DDBFC03D9}.Development|Any CPU.ActiveCfg = Development
		{A5B78AED-FCEC-488C-9B5D-9C8DDBFC03D9}.Development|Any CPU.Build.0 = Development
		{A5B78AED-FCEC-488C-9B5D-9C8DDBFC03D9}.Release|Any CPU.ActiveCfg = Development
		{A5B78AED-FCEC-488C-9B5D-9C8DDBFC03D9}.Release|Any CPU.Build.0 = Development
		{93111E2D-87E2-4BE0-8204-BB969FDB0269}.Debug|Any CPU.ActiveCfg = Development
		{93111E2D-87E2-4BE0-8204-BB969FDB0269}.Debug|Any CPU.Build.0 = Development
		{93111E2D-87E2-4BE0-8204-BB969FDB0269}.Development|Any CPU.ActiveCfg = Development
		{93111E2D-87E2-4BE0-8204-BB969FDB0269}.Development|Any CPU.Build.0 = Development
		{93111E2D-87E2-4BE0-8204-BB969FDB0269}.Release|Any CPU.ActiveCfg = Development
		{93111E2D-87E2-4BE0-8204-BB969FDB0269}.Release|Any CPU.Build.0 = Development
		{3283B1C3-BB01-49EF-9D37-AD1AE7C513B6}.Debug|Any CPU.ActiveCfg = Development
		{3283B1C3-BB01-49EF-9D37-AD1AE7C513B6}.Debug|Any CPU.Build.0 = Development
		{3283B1C3-BB01-49EF-9D37-AD1AE7C513B6}.Development|Any CPU.ActiveCfg = Development
		{3283B1C3-BB01-49EF-9D37-AD1AE7C513B6}.Development|Any CPU.Build.0 = Development
		{3283B1C3-BB01-49EF-9D37-AD1AE7C513B6}.Release|Any CPU.ActiveCfg = Development
		{3283B1C3-BB01-49EF-9D37-AD1AE7C513B6}.Release|Any CPU.Build.0 = Development
		{AE1BE18E-27E6-4581-812D-1CDD22040E17}.Debug|Any CPU.ActiveCfg = Development
		{AE1BE18E-27E6-4581-812D-1CDD22040E17}.Debug|Any CPU.Build.0 = Development
		{AE1BE18E-27E6-4581-812D-1CDD22040E17}.Development|Any CPU.ActiveCfg = Development
		{AE1BE18E-27E6-4581-812D-1CDD22040E17}.Development|Any CPU.Build.0 = Development
		{AE1BE18E-27E6-4581-812D-1CDD22040E17}.Release|Any CPU.ActiveCfg = Development
		{AE1BE18E-27E6-4581-812D-1CDD22040E17}.Release|Any CPU.Build.0 = Development
	EndGlobalSection
	GlobalSection(SolutionProperties) = preSolution
		HideSolutionNode = FALSE
	EndGlobalSection
	GlobalSection(ExtensibilityGlobals) = postSolution
		SolutionGuid = {F793CBAD-256E-486A-BF3A-376DD1A83B52}
	EndGlobalSection
EndGlobal
